
Microsoft Visual Studio Solution File, Format Version 12.00
# Visual Studio 15
VisualStudioVersion = 15.0.27703.2026
MinimumVisualStudioVersion = 10.0.40219.1
Project("{FAE04EC0-301F-11D3-BF4B-00C04F79EFBC}") = "PracticeCSharp", "PracticeCSharp\PracticeCSharp.csproj", "{DCD6BB9E-A673-435C-9B07-A6E51EAC7771}"
EndProject
Project("{FAE04EC0-301F-11D3-BF4B-00C04F79EFBC}") = "WebApiPractice", "WebApiPractice\WebApiPractice.csproj", "{C9EC01C6-2B69-49DB-8EC0-28818CF78C03}"
EndProject
Project("{FAE04EC0-301F-11D3-BF4B-00C04F79EFBC}") = "MVCPractice", "MVCPractice\MVCPractice.csproj", "{6D8F5DF8-E7E0-4A5C-BC4D-901B5D73E6A8}"
EndProject
Project("{FAE04EC0-301F-11D3-BF4B-00C04F79EFBC}") = "UploadFilePractice", "UploadFilePractice\UploadFilePractice.csproj", "{569E36FC-C58B-4346-AFC8-F7142476271F}"
EndProject
Global
	GlobalSection(SolutionConfigurationPlatforms) = preSolution
		Debug|Any CPU = Debug|Any CPU
		Release|Any CPU = Release|Any CPU
	EndGlobalSection
	GlobalSection(ProjectConfigurationPlatforms) = postSolution
		{DCD6BB9E-A673-435C-9B07-A6E51EAC7771}.Debug|Any CPU.ActiveCfg = Debug|Any CPU
		{DCD6BB9E-A673-435C-9B07-A6E51EAC7771}.Debug|Any CPU.Build.0 = Debug|Any CPU
		{DCD6BB9E-A673-435C-9B07-A6E51EAC7771}.Release|Any CPU.ActiveCfg = Release|Any CPU
		{DCD6BB9E-A673-435C-9B07-A6E51EAC7771}.Release|Any CPU.Build.0 = Release|Any CPU
		{C9EC01C6-2B69-49DB-8EC0-28818CF78C03}.Debug|Any CPU.ActiveCfg = Debug|Any CPU
		{C9EC01C6-2B69-49DB-8EC0-28818CF78C03}.Debug|Any CPU.Build.0 = Debug|Any CPU
		{C9EC01C6-2B69-49DB-8EC0-28818CF78C03}.Release|Any CPU.ActiveCfg = Release|Any CPU
		{C9EC01C6-2B69-49DB-8EC0-28818CF78C03}.Release|Any CPU.Build.0 = Release|Any CPU
		{6D8F5DF8-E7E0-4A5C-BC4D-901B5D73E6A8}.Debug|Any CPU.ActiveCfg = Debug|Any CPU
		{6D8F5DF8-E7E0-4A5C-BC4D-901B5D73E6A8}.Debug|Any CPU.Build.0 = Debug|Any CPU
		{6D8F5DF8-E7E0-4A5C-BC4D-901B5D73E6A8}.Release|Any CPU.ActiveCfg = Release|Any CPU
		{6D8F5DF8-E7E0-4A5C-BC4D-901B5D73E6A8}.Release|Any CPU.Build.0 = Release|Any CPU
		{569E36FC-C58B-4346-AFC8-F7142476271F}.Debug|Any CPU.ActiveCfg = Debug|Any CPU
		{569E36FC-C58B-4346-AFC8-F7142476271F}.Debug|Any CPU.Build.0 = Debug|Any CPU
		{569E36FC-C58B-4346-AFC8-F7142476271F}.Release|Any CPU.ActiveCfg = Release|Any CPU
		{569E36FC-C58B-4346-AFC8-F7142476271F}.Release|Any CPU.Build.0 = Release|Any CPU
	EndGlobalSection
	GlobalSection(SolutionProperties) = preSolution
		HideSolutionNode = FALSE
	EndGlobalSection
	GlobalSection(ExtensibilityGlobals) = postSolution
		SolutionGuid = {348CED14-CF5E-44A0-83AC-9652B34EF864}
	EndGlobalSection
EndGlobal
